<?xml version="1.0" encoding="UTF-8"?>
<!DOCTYPE plist PUBLIC "-//Apple//DTD PLIST 1.0//EN" "http://www.apple.com/DTDs/PropertyList-1.0.dtd">
<plist version="1.0">
<dict>
	<key>archiveVersion</key>
	<string>1</string>
	<key>classes</key>
	<dict/>
	<key>objectVersion</key>
	<string>46</string>
	<key>objects</key>
	<dict>
		<key>00DAFE475F414ED4B09750B0</key>
		<dict>
			<key>fileRef</key>
			<string>678B04442FB74581AAE2E43F</string>
			<key>isa</key>
			<string>PBXBuildFile</string>
		</dict>
		<key>2224161418CC72970017903C</key>
		<dict>
			<key>isa</key>
			<string>PBXFileReference</string>
			<key>lastKnownFileType</key>
			<string>image.png</string>
			<key>path</key>
			<string>spalshForEC960.png</string>
			<key>sourceTree</key>
			<string>&lt;group&gt;</string>
		</dict>
		<key>2224161518CC72970017903C</key>
		<dict>
			<key>fileRef</key>
			<string>2224161418CC72970017903C</string>
			<key>isa</key>
			<string>PBXBuildFile</string>
		</dict>
		<key>2224161618CC76B00017903C</key>
		<dict>
			<key>isa</key>
			<string>PBXFileReference</string>
			<key>lastKnownFileType</key>
			<string>image.png</string>
			<key>path</key>
			<string>Default-568h@2x.png</string>
			<key>sourceTree</key>
			<string>&lt;group&gt;</string>
		</dict>
		<key>2224161718CC76B00017903C</key>
		<dict>
			<key>fileRef</key>
			<string>2224161618CC76B00017903C</string>
			<key>isa</key>
			<string>PBXBuildFile</string>
		</dict>
		<key>2224161A18CC7DA10017903C</key>
		<dict>
			<key>fileEncoding</key>
			<string>4</string>
			<key>isa</key>
			<string>PBXFileReference</string>
			<key>lastKnownFileType</key>
			<string>text</string>
			<key>path</key>
			<string>Podfile</string>
			<key>sourceTree</key>
			<string>&lt;group&gt;</string>
		</dict>
		<key>2224161B18CC7DA10017903C</key>
		<dict>
			<key>fileRef</key>
			<string>2224161A18CC7DA10017903C</string>
			<key>isa</key>
			<string>PBXBuildFile</string>
		</dict>
		<key>224285ED18C919170099E8D7</key>
		<dict>
			<key>isa</key>
			<string>PBXFileReference</string>
			<key>lastKnownFileType</key>
			<string>image.png</string>
			<key>path</key>
			<string>epidemic_c_login1.png</string>
			<key>sourceTree</key>
			<string>&lt;group&gt;</string>
		</dict>
		<key>224285EE18C919170099E8D7</key>
		<dict>
			<key>fileRef</key>
			<string>224285ED18C919170099E8D7</string>
			<key>isa</key>
			<string>PBXBuildFile</string>
		</dict>
		<key>224285F118C922A40099E8D7</key>
		<dict>
			<key>fileEncoding</key>
			<string>4</string>
			<key>isa</key>
			<string>PBXFileReference</string>
			<key>lastKnownFileType</key>
			<string>sourcecode.c.h</string>
			<key>path</key>
			<string>LocationMapViewViewController.h</string>
			<key>sourceTree</key>
			<string>&lt;group&gt;</string>
		</dict>
		<key>224285F218C922A40099E8D7</key>
		<dict>
			<key>fileEncoding</key>
			<string>4</string>
			<key>isa</key>
			<string>PBXFileReference</string>
			<key>lastKnownFileType</key>
			<string>sourcecode.c.objc</string>
			<key>path</key>
			<string>LocationMapViewViewController.m</string>
			<key>sourceTree</key>
			<string>&lt;group&gt;</string>
		</dict>
		<key>224285F318C922A40099E8D7</key>
		<dict>
			<key>fileRef</key>
			<string>224285F218C922A40099E8D7</string>
			<key>isa</key>
			<string>PBXBuildFile</string>
		</dict>
		<key>224285F418C9235B0099E8D7</key>
		<dict>
			<key>isa</key>
			<string>PBXFileReference</string>
			<key>lastKnownFileType</key>
			<string>image.png</string>
			<key>path</key>
			<string>epidemic_c_login.png</string>
			<key>sourceTree</key>
			<string>&lt;group&gt;</string>
		</dict>
		<key>224285F518C9235B0099E8D7</key>
		<dict>
			<key>fileRef</key>
			<string>224285F418C9235B0099E8D7</string>
			<key>isa</key>
			<string>PBXBuildFile</string>
		</dict>
		<key>2263FD9118CA3E7200C70C72</key>
		<dict>
			<key>isa</key>
			<string>PBXFileReference</string>
			<key>lastKnownFileType</key>
			<string>image.png</string>
			<key>path</key>
			<string>textfield.png</string>
			<key>sourceTree</key>
			<string>&lt;group&gt;</string>
		</dict>
		<key>2263FD9218CA3E7200C70C72</key>
		<dict>
			<key>fileRef</key>
			<string>2263FD9118CA3E7200C70C72</string>
			<key>isa</key>
			<string>PBXBuildFile</string>
		</dict>
		<key>229304E618C9E2E2008AEDCC</key>
		<dict>
			<key>isa</key>
			<string>PBXFileReference</string>
			<key>lastKnownFileType</key>
			<string>wrapper.framework</string>
			<key>name</key>
			<string>MapKit.framework</string>
			<key>path</key>
			<string>System/Library/Frameworks/MapKit.framework</string>
			<key>sourceTree</key>
			<string>SDKROOT</string>
		</dict>
		<key>229304E718C9E2E2008AEDCC</key>
		<dict>
			<key>fileRef</key>
			<string>229304E618C9E2E2008AEDCC</string>
			<key>isa</key>
			<string>PBXBuildFile</string>
		</dict>
		<key>229304E818C9E2F0008AEDCC</key>
		<dict>
			<key>isa</key>
			<string>PBXFileReference</string>
			<key>lastKnownFileType</key>
			<string>wrapper.framework</string>
			<key>name</key>
			<string>CoreLocation.framework</string>
			<key>path</key>
			<string>System/Library/Frameworks/CoreLocation.framework</string>
			<key>sourceTree</key>
			<string>SDKROOT</string>
		</dict>
		<key>229304E918C9E2F0008AEDCC</key>
		<dict>
			<key>fileRef</key>
			<string>229304E818C9E2F0008AEDCC</string>
			<key>isa</key>
			<string>PBXBuildFile</string>
		</dict>
		<key>229304EA18C9E799008AEDCC</key>
		<dict>
			<key>isa</key>
			<string>PBXFileReference</string>
			<key>lastKnownFileType</key>
			<string>wrapper.framework</string>
			<key>name</key>
			<string>QuartzCore.framework</string>
			<key>path</key>
			<string>System/Library/Frameworks/QuartzCore.framework</string>
			<key>sourceTree</key>
			<string>SDKROOT</string>
		</dict>
		<key>229304EB18C9E799008AEDCC</key>
		<dict>
			<key>fileRef</key>
			<string>229304EA18C9E799008AEDCC</string>
			<key>isa</key>
			<string>PBXBuildFile</string>
		</dict>
		<key>229304EC18C9E87F008AEDCC</key>
		<dict>
			<key>fileEncoding</key>
			<string>4</string>
			<key>isa</key>
			<string>PBXFileReference</string>
			<key>lastKnownFileType</key>
			<string>sourcecode.c.h</string>
			<key>path</key>
			<string>markerOnMap.h</string>
			<key>sourceTree</key>
			<string>&lt;group&gt;</string>
		</dict>
		<key>229304ED18C9E87F008AEDCC</key>
		<dict>
			<key>fileEncoding</key>
			<string>4</string>
			<key>isa</key>
			<string>PBXFileReference</string>
			<key>lastKnownFileType</key>
			<string>sourcecode.c.objc</string>
			<key>path</key>
			<string>markerOnMap.m</string>
			<key>sourceTree</key>
			<string>&lt;group&gt;</string>
		</dict>
		<key>229304EE18C9E87F008AEDCC</key>
		<dict>
			<key>fileRef</key>
			<string>229304ED18C9E87F008AEDCC</string>
			<key>isa</key>
			<string>PBXBuildFile</string>
		</dict>
		<key>229304EF18C9EBE5008AEDCC</key>
		<dict>
			<key>isa</key>
			<string>PBXFileReference</string>
			<key>lastKnownFileType</key>
			<string>image.png</string>
			<key>path</key>
			<string>pin1.png</string>
			<key>sourceTree</key>
			<string>&lt;group&gt;</string>
		</dict>
		<key>229304F018C9EBE5008AEDCC</key>
		<dict>
			<key>fileRef</key>
			<string>229304EF18C9EBE5008AEDCC</string>
			<key>isa</key>
			<string>PBXBuildFile</string>
		</dict>
		<key>229304F118C9EBF2008AEDCC</key>
		<dict>
			<key>children</key>
			<array>
				<string>2224161418CC72970017903C</string>
				<string>229F17BD18CA67120051A435</string>
				<string>2263FD9118CA3E7200C70C72</string>
				<string>229304F818C9FD9C008AEDCC</string>
				<string>229304F618C9F546008AEDCC</string>
				<string>229304EF18C9EBE5008AEDCC</string>
				<string>224285F418C9235B0099E8D7</string>
				<string>224285ED18C919170099E8D7</string>
			</array>
			<key>isa</key>
			<string>PBXGroup</string>
			<key>name</key>
			<string>images</string>
			<key>sourceTree</key>
			<string>&lt;group&gt;</string>
		</dict>
		<key>229304F618C9F546008AEDCC</key>
		<dict>
			<key>isa</key>
			<string>PBXFileReference</string>
			<key>lastKnownFileType</key>
			<string>image.png</string>
			<key>path</key>
			<string>pen+paper.png</string>
			<key>sourceTree</key>
			<string>&lt;group&gt;</string>
		</dict>
		<key>229304F718C9F546008AEDCC</key>
		<dict>
			<key>fileRef</key>
			<string>229304F618C9F546008AEDCC</string>
			<key>isa</key>
			<string>PBXBuildFile</string>
		</dict>
		<key>229304F818C9FD9C008AEDCC</key>
		<dict>
			<key>isa</key>
			<string>PBXFileReference</string>
			<key>lastKnownFileType</key>
			<string>image.png</string>
			<key>path</key>
			<string>spalshForEC.png</string>
			<key>sourceTree</key>
			<string>&lt;group&gt;</string>
		</dict>
		<key>229304F918C9FD9C008AEDCC</key>
		<dict>
			<key>fileRef</key>
			<string>229304F818C9FD9C008AEDCC</string>
			<key>isa</key>
			<string>PBXBuildFile</string>
		</dict>
		<key>229F17BD18CA67120051A435</key>
		<dict>
			<key>isa</key>
			<string>PBXFileReference</string>
			<key>lastKnownFileType</key>
			<string>image.png</string>
			<key>path</key>
			<string>search_icon.png</string>
			<key>sourceTree</key>
			<string>&lt;group&gt;</string>
		</dict>
		<key>229F17BE18CA67120051A435</key>
		<dict>
			<key>fileRef</key>
			<string>229F17BD18CA67120051A435</string>
			<key>isa</key>
			<string>PBXBuildFile</string>
		</dict>
		<key>22D80D7018C8F7D4003D84A4</key>
		<dict>
			<key>children</key>
			<array>
				<string>2224161A18CC7DA10017903C</string>
				<string>2224161618CC76B00017903C</string>
				<string>22D80D8218C8F7D5003D84A4</string>
				<string>22D80DA118C8F7D5003D84A4</string>
				<string>22D80D7B18C8F7D4003D84A4</string>
				<string>22D80D7A18C8F7D4003D84A4</string>
				<string>6DEFFB0B5C1F4ED3B6B1AAC7</string>
			</array>
			<key>isa</key>
			<string>PBXGroup</string>
			<key>sourceTree</key>
			<string>&lt;group&gt;</string>
		</dict>
		<key>22D80D7118C8F7D4003D84A4</key>
		<dict>
			<key>attributes</key>
			<dict>
				<key>LastUpgradeCheck</key>
				<string>0500</string>
				<key>ORGANIZATIONNAME</key>
				<string>EpidemicControl</string>
				<key>TargetAttributes</key>
				<dict>
					<key>22D80D9918C8F7D5003D84A4</key>
					<dict>
						<key>TestTargetID</key>
						<string>22D80D7818C8F7D4003D84A4</string>
					</dict>
				</dict>
			</dict>
			<key>buildConfigurationList</key>
			<string>22D80D7418C8F7D4003D84A4</string>
			<key>compatibilityVersion</key>
			<string>Xcode 3.2</string>
			<key>developmentRegion</key>
			<string>English</string>
			<key>hasScannedForEncodings</key>
			<string>0</string>
			<key>isa</key>
			<string>PBXProject</string>
			<key>knownRegions</key>
			<array>
				<string>en</string>
				<string>Base</string>
			</array>
			<key>mainGroup</key>
			<string>22D80D7018C8F7D4003D84A4</string>
			<key>productRefGroup</key>
			<string>22D80D7A18C8F7D4003D84A4</string>
			<key>projectDirPath</key>
			<string></string>
			<key>projectReferences</key>
			<array/>
			<key>projectRoot</key>
			<string></string>
			<key>targets</key>
			<array>
				<string>22D80D7818C8F7D4003D84A4</string>
				<string>22D80D9918C8F7D5003D84A4</string>
			</array>
		</dict>
		<key>22D80D7418C8F7D4003D84A4</key>
		<dict>
			<key>buildConfigurations</key>
			<array>
				<string>22D80DA918C8F7D5003D84A4</string>
				<string>22D80DAA18C8F7D5003D84A4</string>
			</array>
			<key>defaultConfigurationIsVisible</key>
			<string>0</string>
			<key>defaultConfigurationName</key>
			<string>Release</string>
			<key>isa</key>
			<string>XCConfigurationList</string>
		</dict>
		<key>22D80D7518C8F7D4003D84A4</key>
		<dict>
			<key>buildActionMask</key>
			<string>2147483647</string>
			<key>files</key>
			<array>
				<string>22D80D9318C8F7D5003D84A4</string>
				<string>229304EE18C9E87F008AEDCC</string>
				<string>22D80D8D18C8F7D5003D84A4</string>
				<string>22D80D8918C8F7D5003D84A4</string>
				<string>224285F318C922A40099E8D7</string>
			</array>
			<key>isa</key>
			<string>PBXSourcesBuildPhase</string>
			<key>runOnlyForDeploymentPostprocessing</key>
			<string>0</string>
		</dict>
		<key>22D80D7618C8F7D4003D84A4</key>
		<dict>
			<key>buildActionMask</key>
			<string>2147483647</string>
			<key>files</key>
			<array>
				<string>229304EB18C9E799008AEDCC</string>
				<string>229304E918C9E2F0008AEDCC</string>
				<string>229304E718C9E2E2008AEDCC</string>
				<string>22D80D7F18C8F7D5003D84A4</string>
				<string>22D80D8118C8F7D5003D84A4</string>
				<string>22D80D7D18C8F7D5003D84A4</string>
				<string>00DAFE475F414ED4B09750B0</string>
			</array>
			<key>isa</key>
			<string>PBXFrameworksBuildPhase</string>
			<key>runOnlyForDeploymentPostprocessing</key>
			<string>0</string>
		</dict>
		<key>22D80D7718C8F7D4003D84A4</key>
		<dict>
			<key>buildActionMask</key>
			<string>2147483647</string>
			<key>files</key>
			<array>
				<string>229304F718C9F546008AEDCC</string>
				<string>2224161718CC76B00017903C</string>
				<string>22D80D8718C8F7D5003D84A4</string>
				<string>2224161518CC72970017903C</string>
				<string>224285F518C9235B0099E8D7</string>
				<string>229F17BE18CA67120051A435</string>
				<string>2224161B18CC7DA10017903C</string>
				<string>229304F918C9FD9C008AEDCC</string>
				<string>22D80D9018C8F7D5003D84A4</string>
				<string>224285EE18C919170099E8D7</string>
				<string>2263FD9218CA3E7200C70C72</string>
				<string>229304F018C9EBE5008AEDCC</string>
			</array>
			<key>isa</key>
			<string>PBXResourcesBuildPhase</string>
			<key>runOnlyForDeploymentPostprocessing</key>
			<string>0</string>
		</dict>
		<key>22D80D7818C8F7D4003D84A4</key>
		<dict>
			<key>buildConfigurationList</key>
			<string>22D80DAB18C8F7D5003D84A4</string>
			<key>buildPhases</key>
			<array>
				<string>5057C1033E504D7FAE56E976</string>
				<string>22D80D7518C8F7D4003D84A4</string>
				<string>22D80D7618C8F7D4003D84A4</string>
				<string>22D80D7718C8F7D4003D84A4</string>
				<string>C153EF16F7F34BDA8A915356</string>
			</array>
			<key>buildRules</key>
			<array/>
			<key>dependencies</key>
			<array/>
			<key>isa</key>
			<string>PBXNativeTarget</string>
			<key>name</key>
			<string>EpidemicControl</string>
			<key>productName</key>
			<string>EpidemicControl</string>
			<key>productReference</key>
			<string>22D80D7918C8F7D4003D84A4</string>
			<key>productType</key>
			<string>com.apple.product-type.application</string>
		</dict>
		<key>22D80D7918C8F7D4003D84A4</key>
		<dict>
			<key>explicitFileType</key>
			<string>wrapper.application</string>
			<key>includeInIndex</key>
			<string>0</string>
			<key>isa</key>
			<string>PBXFileReference</string>
			<key>path</key>
			<string>EpidemicControl.app</string>
			<key>sourceTree</key>
			<string>BUILT_PRODUCTS_DIR</string>
		</dict>
		<key>22D80D7A18C8F7D4003D84A4</key>
		<dict>
			<key>children</key>
			<array>
				<string>22D80D7918C8F7D4003D84A4</string>
				<string>22D80D9A18C8F7D5003D84A4</string>
			</array>
			<key>isa</key>
			<string>PBXGroup</string>
			<key>name</key>
			<string>Products</string>
			<key>sourceTree</key>
			<string>&lt;group&gt;</string>
		</dict>
		<key>22D80D7B18C8F7D4003D84A4</key>
		<dict>
			<key>children</key>
			<array>
				<string>229304EA18C9E799008AEDCC</string>
				<string>229304E818C9E2F0008AEDCC</string>
				<string>229304E618C9E2E2008AEDCC</string>
				<string>22D80D7C18C8F7D5003D84A4</string>
				<string>22D80D7E18C8F7D5003D84A4</string>
				<string>22D80D8018C8F7D5003D84A4</string>
				<string>22D80D9B18C8F7D5003D84A4</string>
				<string>678B04442FB74581AAE2E43F</string>
			</array>
			<key>isa</key>
			<string>PBXGroup</string>
			<key>name</key>
			<string>Frameworks</string>
			<key>sourceTree</key>
			<string>&lt;group&gt;</string>
		</dict>
		<key>22D80D7C18C8F7D5003D84A4</key>
		<dict>
			<key>isa</key>
			<string>PBXFileReference</string>
			<key>lastKnownFileType</key>
			<string>wrapper.framework</string>
			<key>name</key>
			<string>Foundation.framework</string>
			<key>path</key>
			<string>System/Library/Frameworks/Foundation.framework</string>
			<key>sourceTree</key>
			<string>SDKROOT</string>
		</dict>
		<key>22D80D7D18C8F7D5003D84A4</key>
		<dict>
			<key>fileRef</key>
			<string>22D80D7C18C8F7D5003D84A4</string>
			<key>isa</key>
			<string>PBXBuildFile</string>
		</dict>
		<key>22D80D7E18C8F7D5003D84A4</key>
		<dict>
			<key>isa</key>
			<string>PBXFileReference</string>
			<key>lastKnownFileType</key>
			<string>wrapper.framework</string>
			<key>name</key>
			<string>CoreGraphics.framework</string>
			<key>path</key>
			<string>System/Library/Frameworks/CoreGraphics.framework</string>
			<key>sourceTree</key>
			<string>SDKROOT</string>
		</dict>
		<key>22D80D7F18C8F7D5003D84A4</key>
		<dict>
			<key>fileRef</key>
			<string>22D80D7E18C8F7D5003D84A4</string>
			<key>isa</key>
			<string>PBXBuildFile</string>
		</dict>
		<key>22D80D8018C8F7D5003D84A4</key>
		<dict>
			<key>isa</key>
			<string>PBXFileReference</string>
			<key>lastKnownFileType</key>
			<string>wrapper.framework</string>
			<key>name</key>
			<string>UIKit.framework</string>
			<key>path</key>
			<string>System/Library/Frameworks/UIKit.framework</string>
			<key>sourceTree</key>
			<string>SDKROOT</string>
		</dict>
		<key>22D80D8118C8F7D5003D84A4</key>
		<dict>
			<key>fileRef</key>
			<string>22D80D8018C8F7D5003D84A4</string>
			<key>isa</key>
			<string>PBXBuildFile</string>
		</dict>
		<key>22D80D8218C8F7D5003D84A4</key>
		<dict>
			<key>children</key>
			<array>
				<string>229304F118C9EBF2008AEDCC</string>
				<string>22D80D8B18C8F7D5003D84A4</string>
				<string>22D80D8C18C8F7D5003D84A4</string>
				<string>22D80D8E18C8F7D5003D84A4</string>
				<string>22D80D9118C8F7D5003D84A4</string>
				<string>22D80D9218C8F7D5003D84A4</string>
				<string>224285F118C922A40099E8D7</string>
				<string>224285F218C922A40099E8D7</string>
				<string>22D80D8318C8F7D5003D84A4</string>
				<string>229304EC18C9E87F008AEDCC</string>
				<string>229304ED18C9E87F008AEDCC</string>
			</array>
			<key>isa</key>
			<string>PBXGroup</string>
			<key>path</key>
			<string>EpidemicControl</string>
			<key>sourceTree</key>
			<string>&lt;group&gt;</string>
		</dict>
		<key>22D80D8318C8F7D5003D84A4</key>
		<dict>
			<key>children</key>
			<array>
				<string>22D80D8418C8F7D5003D84A4</string>
				<string>22D80D8518C8F7D5003D84A4</string>
				<string>22D80D8818C8F7D5003D84A4</string>
				<string>22D80D8A18C8F7D5003D84A4</string>
			</array>
			<key>isa</key>
			<string>PBXGroup</string>
			<key>name</key>
			<string>Supporting Files</string>
			<key>sourceTree</key>
			<string>&lt;group&gt;</string>
		</dict>
		<key>22D80D8418C8F7D5003D84A4</key>
		<dict>
			<key>isa</key>
			<string>PBXFileReference</string>
			<key>lastKnownFileType</key>
			<string>text.plist.xml</string>
			<key>path</key>
			<string>EpidemicControl-Info.plist</string>
			<key>sourceTree</key>
			<string>&lt;group&gt;</string>
		</dict>
		<key>22D80D8518C8F7D5003D84A4</key>
		<dict>
			<key>children</key>
			<array>
				<string>22D80D8618C8F7D5003D84A4</string>
			</array>
			<key>isa</key>
			<string>PBXVariantGroup</string>
			<key>name</key>
			<string>InfoPlist.strings</string>
			<key>sourceTree</key>
			<string>&lt;group&gt;</string>
		</dict>
		<key>22D80D8618C8F7D5003D84A4</key>
		<dict>
			<key>isa</key>
			<string>PBXFileReference</string>
			<key>lastKnownFileType</key>
			<string>text.plist.strings</string>
			<key>name</key>
			<string>en</string>
			<key>path</key>
			<string>en.lproj/InfoPlist.strings</string>
			<key>sourceTree</key>
			<string>&lt;group&gt;</string>
		</dict>
		<key>22D80D8718C8F7D5003D84A4</key>
		<dict>
			<key>fileRef</key>
			<string>22D80D8518C8F7D5003D84A4</string>
			<key>isa</key>
			<string>PBXBuildFile</string>
		</dict>
		<key>22D80D8818C8F7D5003D84A4</key>
		<dict>
			<key>isa</key>
			<string>PBXFileReference</string>
			<key>lastKnownFileType</key>
			<string>sourcecode.c.objc</string>
			<key>path</key>
			<string>main.m</string>
			<key>sourceTree</key>
			<string>&lt;group&gt;</string>
		</dict>
		<key>22D80D8918C8F7D5003D84A4</key>
		<dict>
			<key>fileRef</key>
			<string>22D80D8818C8F7D5003D84A4</string>
			<key>isa</key>
			<string>PBXBuildFile</string>
		</dict>
		<key>22D80D8A18C8F7D5003D84A4</key>
		<dict>
			<key>isa</key>
			<string>PBXFileReference</string>
			<key>lastKnownFileType</key>
			<string>sourcecode.c.h</string>
			<key>path</key>
			<string>EpidemicControl-Prefix.pch</string>
			<key>sourceTree</key>
			<string>&lt;group&gt;</string>
		</dict>
		<key>22D80D8B18C8F7D5003D84A4</key>
		<dict>
			<key>isa</key>
			<string>PBXFileReference</string>
			<key>lastKnownFileType</key>
			<string>sourcecode.c.h</string>
			<key>path</key>
			<string>AppDelegate.h</string>
			<key>sourceTree</key>
			<string>&lt;group&gt;</string>
		</dict>
		<key>22D80D8C18C8F7D5003D84A4</key>
		<dict>
			<key>isa</key>
			<string>PBXFileReference</string>
			<key>lastKnownFileType</key>
			<string>sourcecode.c.objc</string>
			<key>path</key>
			<string>AppDelegate.m</string>
			<key>sourceTree</key>
			<string>&lt;group&gt;</string>
		</dict>
		<key>22D80D8D18C8F7D5003D84A4</key>
		<dict>
			<key>fileRef</key>
			<string>22D80D8C18C8F7D5003D84A4</string>
			<key>isa</key>
			<string>PBXBuildFile</string>
		</dict>
		<key>22D80D8E18C8F7D5003D84A4</key>
		<dict>
			<key>children</key>
			<array>
				<string>22D80D8F18C8F7D5003D84A4</string>
			</array>
			<key>isa</key>
			<string>PBXVariantGroup</string>
			<key>name</key>
			<string>Main.storyboard</string>
			<key>sourceTree</key>
			<string>&lt;group&gt;</string>
		</dict>
		<key>22D80D8F18C8F7D5003D84A4</key>
		<dict>
			<key>isa</key>
			<string>PBXFileReference</string>
			<key>lastKnownFileType</key>
			<string>file.storyboard</string>
			<key>name</key>
			<string>Base</string>
			<key>path</key>
			<string>Base.lproj/Main.storyboard</string>
			<key>sourceTree</key>
			<string>&lt;group&gt;</string>
		</dict>
		<key>22D80D9018C8F7D5003D84A4</key>
		<dict>
			<key>fileRef</key>
			<string>22D80D8E18C8F7D5003D84A4</string>
			<key>isa</key>
			<string>PBXBuildFile</string>
		</dict>
		<key>22D80D9118C8F7D5003D84A4</key>
		<dict>
			<key>isa</key>
			<string>PBXFileReference</string>
			<key>lastKnownFileType</key>
			<string>sourcecode.c.h</string>
			<key>path</key>
			<string>ViewController.h</string>
			<key>sourceTree</key>
			<string>&lt;group&gt;</string>
		</dict>
		<key>22D80D9218C8F7D5003D84A4</key>
		<dict>
			<key>isa</key>
			<string>PBXFileReference</string>
			<key>lastKnownFileType</key>
			<string>sourcecode.c.objc</string>
			<key>path</key>
			<string>ViewController.m</string>
			<key>sourceTree</key>
			<string>&lt;group&gt;</string>
		</dict>
		<key>22D80D9318C8F7D5003D84A4</key>
		<dict>
			<key>fileRef</key>
			<string>22D80D9218C8F7D5003D84A4</string>
			<key>isa</key>
			<string>PBXBuildFile</string>
		</dict>
		<key>22D80D9618C8F7D5003D84A4</key>
		<dict>
			<key>buildActionMask</key>
			<string>2147483647</string>
			<key>files</key>
			<array>
				<string>22D80DA818C8F7D5003D84A4</string>
			</array>
			<key>isa</key>
			<string>PBXSourcesBuildPhase</string>
			<key>runOnlyForDeploymentPostprocessing</key>
			<string>0</string>
		</dict>
		<key>22D80D9718C8F7D5003D84A4</key>
		<dict>
			<key>buildActionMask</key>
			<string>2147483647</string>
			<key>files</key>
			<array>
				<string>22D80D9C18C8F7D5003D84A4</string>
				<string>22D80D9E18C8F7D5003D84A4</string>
				<string>22D80D9D18C8F7D5003D84A4</string>
			</array>
			<key>isa</key>
			<string>PBXFrameworksBuildPhase</string>
			<key>runOnlyForDeploymentPostprocessing</key>
			<string>0</string>
		</dict>
		<key>22D80D9818C8F7D5003D84A4</key>
		<dict>
			<key>buildActionMask</key>
			<string>2147483647</string>
			<key>files</key>
			<array>
				<string>22D80DA618C8F7D5003D84A4</string>
			</array>
			<key>isa</key>
			<string>PBXResourcesBuildPhase</string>
			<key>runOnlyForDeploymentPostprocessing</key>
			<string>0</string>
		</dict>
		<key>22D80D9918C8F7D5003D84A4</key>
		<dict>
			<key>buildConfigurationList</key>
			<string>22D80DAE18C8F7D5003D84A4</string>
			<key>buildPhases</key>
			<array>
				<string>22D80D9618C8F7D5003D84A4</string>
				<string>22D80D9718C8F7D5003D84A4</string>
				<string>22D80D9818C8F7D5003D84A4</string>
			</array>
			<key>buildRules</key>
			<array/>
			<key>dependencies</key>
			<array>
				<string>22D80DA018C8F7D5003D84A4</string>
			</array>
			<key>isa</key>
			<string>PBXNativeTarget</string>
			<key>name</key>
			<string>EpidemicControlTests</string>
			<key>productName</key>
			<string>EpidemicControlTests</string>
			<key>productReference</key>
			<string>22D80D9A18C8F7D5003D84A4</string>
			<key>productType</key>
			<string>com.apple.product-type.bundle.unit-test</string>
		</dict>
		<key>22D80D9A18C8F7D5003D84A4</key>
		<dict>
			<key>explicitFileType</key>
			<string>wrapper.cfbundle</string>
			<key>includeInIndex</key>
			<string>0</string>
			<key>isa</key>
			<string>PBXFileReference</string>
			<key>path</key>
			<string>EpidemicControlTests.xctest</string>
			<key>sourceTree</key>
			<string>BUILT_PRODUCTS_DIR</string>
		</dict>
		<key>22D80D9B18C8F7D5003D84A4</key>
		<dict>
			<key>isa</key>
			<string>PBXFileReference</string>
			<key>lastKnownFileType</key>
			<string>wrapper.framework</string>
			<key>name</key>
			<string>XCTest.framework</string>
			<key>path</key>
			<string>Library/Frameworks/XCTest.framework</string>
			<key>sourceTree</key>
			<string>DEVELOPER_DIR</string>
		</dict>
		<key>22D80D9C18C8F7D5003D84A4</key>
		<dict>
			<key>fileRef</key>
			<string>22D80D9B18C8F7D5003D84A4</string>
			<key>isa</key>
			<string>PBXBuildFile</string>
		</dict>
		<key>22D80D9D18C8F7D5003D84A4</key>
		<dict>
			<key>fileRef</key>
			<string>22D80D7C18C8F7D5003D84A4</string>
			<key>isa</key>
			<string>PBXBuildFile</string>
		</dict>
		<key>22D80D9E18C8F7D5003D84A4</key>
		<dict>
			<key>fileRef</key>
			<string>22D80D8018C8F7D5003D84A4</string>
			<key>isa</key>
			<string>PBXBuildFile</string>
		</dict>
		<key>22D80D9F18C8F7D5003D84A4</key>
		<dict>
			<key>containerPortal</key>
			<string>22D80D7118C8F7D4003D84A4</string>
			<key>isa</key>
			<string>PBXContainerItemProxy</string>
			<key>proxyType</key>
			<string>1</string>
			<key>remoteGlobalIDString</key>
			<string>22D80D7818C8F7D4003D84A4</string>
			<key>remoteInfo</key>
			<string>EpidemicControl</string>
		</dict>
		<key>22D80DA018C8F7D5003D84A4</key>
		<dict>
			<key>isa</key>
			<string>PBXTargetDependency</string>
			<key>target</key>
			<string>22D80D7818C8F7D4003D84A4</string>
			<key>targetProxy</key>
			<string>22D80D9F18C8F7D5003D84A4</string>
		</dict>
		<key>22D80DA118C8F7D5003D84A4</key>
		<dict>
			<key>children</key>
			<array>
				<string>22D80DA718C8F7D5003D84A4</string>
				<string>22D80DA218C8F7D5003D84A4</string>
			</array>
			<key>isa</key>
			<string>PBXGroup</string>
			<key>path</key>
			<string>EpidemicControlTests</string>
			<key>sourceTree</key>
			<string>&lt;group&gt;</string>
		</dict>
		<key>22D80DA218C8F7D5003D84A4</key>
		<dict>
			<key>children</key>
			<array>
				<string>22D80DA318C8F7D5003D84A4</string>
				<string>22D80DA418C8F7D5003D84A4</string>
			</array>
			<key>isa</key>
			<string>PBXGroup</string>
			<key>name</key>
			<string>Supporting Files</string>
			<key>sourceTree</key>
			<string>&lt;group&gt;</string>
		</dict>
		<key>22D80DA318C8F7D5003D84A4</key>
		<dict>
			<key>isa</key>
			<string>PBXFileReference</string>
			<key>lastKnownFileType</key>
			<string>text.plist.xml</string>
			<key>path</key>
			<string>EpidemicControlTests-Info.plist</string>
			<key>sourceTree</key>
			<string>&lt;group&gt;</string>
		</dict>
		<key>22D80DA418C8F7D5003D84A4</key>
		<dict>
			<key>children</key>
			<array>
				<string>22D80DA518C8F7D5003D84A4</string>
			</array>
			<key>isa</key>
			<string>PBXVariantGroup</string>
			<key>name</key>
			<string>InfoPlist.strings</string>
			<key>sourceTree</key>
			<string>&lt;group&gt;</string>
		</dict>
		<key>22D80DA518C8F7D5003D84A4</key>
		<dict>
			<key>isa</key>
			<string>PBXFileReference</string>
			<key>lastKnownFileType</key>
			<string>text.plist.strings</string>
			<key>name</key>
			<string>en</string>
			<key>path</key>
			<string>en.lproj/InfoPlist.strings</string>
			<key>sourceTree</key>
			<string>&lt;group&gt;</string>
		</dict>
		<key>22D80DA618C8F7D5003D84A4</key>
		<dict>
			<key>fileRef</key>
			<string>22D80DA418C8F7D5003D84A4</string>
			<key>isa</key>
			<string>PBXBuildFile</string>
		</dict>
		<key>22D80DA718C8F7D5003D84A4</key>
		<dict>
			<key>isa</key>
			<string>PBXFileReference</string>
			<key>lastKnownFileType</key>
			<string>sourcecode.c.objc</string>
			<key>path</key>
			<string>EpidemicControlTests.m</string>
			<key>sourceTree</key>
			<string>&lt;group&gt;</string>
		</dict>
		<key>22D80DA818C8F7D5003D84A4</key>
		<dict>
			<key>fileRef</key>
			<string>22D80DA718C8F7D5003D84A4</string>
			<key>isa</key>
			<string>PBXBuildFile</string>
		</dict>
		<key>22D80DA918C8F7D5003D84A4</key>
		<dict>
			<key>buildSettings</key>
			<dict>
				<key>ALWAYS_SEARCH_USER_PATHS</key>
				<string>NO</string>
				<key>ARCHS</key>
				<string>$(ARCHS_STANDARD_INCLUDING_64_BIT)</string>
				<key>CLANG_CXX_LANGUAGE_STANDARD</key>
				<string>gnu++0x</string>
				<key>CLANG_CXX_LIBRARY</key>
				<string>libc++</string>
				<key>CLANG_ENABLE_MODULES</key>
				<string>YES</string>
				<key>CLANG_ENABLE_OBJC_ARC</key>
				<string>YES</string>
				<key>CLANG_WARN_BOOL_CONVERSION</key>
				<string>YES</string>
				<key>CLANG_WARN_CONSTANT_CONVERSION</key>
				<string>YES</string>
				<key>CLANG_WARN_DIRECT_OBJC_ISA_USAGE</key>
				<string>YES_ERROR</string>
				<key>CLANG_WARN_EMPTY_BODY</key>
				<string>YES</string>
				<key>CLANG_WARN_ENUM_CONVERSION</key>
				<string>YES</string>
				<key>CLANG_WARN_INT_CONVERSION</key>
				<string>YES</string>
				<key>CLANG_WARN_OBJC_ROOT_CLASS</key>
				<string>YES_ERROR</string>
				<key>CLANG_WARN__DUPLICATE_METHOD_MATCH</key>
				<string>YES</string>
				<key>CODE_SIGN_IDENTITY[sdk=iphoneos*]</key>
				<string>iPhone Developer</string>
				<key>COPY_PHASE_STRIP</key>
				<string>NO</string>
				<key>GCC_C_LANGUAGE_STANDARD</key>
				<string>gnu99</string>
				<key>GCC_DYNAMIC_NO_PIC</key>
				<string>NO</string>
				<key>GCC_OPTIMIZATION_LEVEL</key>
				<string>0</string>
				<key>GCC_PREPROCESSOR_DEFINITIONS</key>
				<array>
					<string>DEBUG=1</string>
					<string>$(inherited)</string>
				</array>
				<key>GCC_SYMBOLS_PRIVATE_EXTERN</key>
				<string>NO</string>
				<key>GCC_WARN_64_TO_32_BIT_CONVERSION</key>
				<string>YES</string>
				<key>GCC_WARN_ABOUT_RETURN_TYPE</key>
				<string>YES_ERROR</string>
				<key>GCC_WARN_UNDECLARED_SELECTOR</key>
				<string>YES</string>
				<key>GCC_WARN_UNINITIALIZED_AUTOS</key>
				<string>YES</string>
				<key>GCC_WARN_UNUSED_FUNCTION</key>
				<string>YES</string>
				<key>GCC_WARN_UNUSED_VARIABLE</key>
				<string>YES</string>
				<key>IPHONEOS_DEPLOYMENT_TARGET</key>
				<string>7.0</string>
				<key>ONLY_ACTIVE_ARCH</key>
				<string>YES</string>
				<key>SDKROOT</key>
				<string>iphoneos</string>
			</dict>
			<key>isa</key>
			<string>XCBuildConfiguration</string>
			<key>name</key>
			<string>Debug</string>
		</dict>
		<key>22D80DAA18C8F7D5003D84A4</key>
		<dict>
			<key>buildSettings</key>
			<dict>
				<key>ALWAYS_SEARCH_USER_PATHS</key>
				<string>NO</string>
				<key>ARCHS</key>
				<string>$(ARCHS_STANDARD_INCLUDING_64_BIT)</string>
				<key>CLANG_CXX_LANGUAGE_STANDARD</key>
				<string>gnu++0x</string>
				<key>CLANG_CXX_LIBRARY</key>
				<string>libc++</string>
				<key>CLANG_ENABLE_MODULES</key>
				<string>YES</string>
				<key>CLANG_ENABLE_OBJC_ARC</key>
				<string>YES</string>
				<key>CLANG_WARN_BOOL_CONVERSION</key>
				<string>YES</string>
				<key>CLANG_WARN_CONSTANT_CONVERSION</key>
				<string>YES</string>
				<key>CLANG_WARN_DIRECT_OBJC_ISA_USAGE</key>
				<string>YES_ERROR</string>
				<key>CLANG_WARN_EMPTY_BODY</key>
				<string>YES</string>
				<key>CLANG_WARN_ENUM_CONVERSION</key>
				<string>YES</string>
				<key>CLANG_WARN_INT_CONVERSION</key>
				<string>YES</string>
				<key>CLANG_WARN_OBJC_ROOT_CLASS</key>
				<string>YES_ERROR</string>
				<key>CLANG_WARN__DUPLICATE_METHOD_MATCH</key>
				<string>YES</string>
				<key>CODE_SIGN_IDENTITY[sdk=iphoneos*]</key>
				<string>iPhone Developer</string>
				<key>COPY_PHASE_STRIP</key>
				<string>YES</string>
				<key>ENABLE_NS_ASSERTIONS</key>
				<string>NO</string>
				<key>GCC_C_LANGUAGE_STANDARD</key>
				<string>gnu99</string>
				<key>GCC_WARN_64_TO_32_BIT_CONVERSION</key>
				<string>YES</string>
				<key>GCC_WARN_ABOUT_RETURN_TYPE</key>
				<string>YES_ERROR</string>
				<key>GCC_WARN_UNDECLARED_SELECTOR</key>
				<string>YES</string>
				<key>GCC_WARN_UNINITIALIZED_AUTOS</key>
				<string>YES</string>
				<key>GCC_WARN_UNUSED_FUNCTION</key>
				<string>YES</string>
				<key>GCC_WARN_UNUSED_VARIABLE</key>
				<string>YES</string>
				<key>IPHONEOS_DEPLOYMENT_TARGET</key>
				<string>7.0</string>
				<key>SDKROOT</key>
				<string>iphoneos</string>
				<key>VALIDATE_PRODUCT</key>
				<string>YES</string>
			</dict>
			<key>isa</key>
			<string>XCBuildConfiguration</string>
			<key>name</key>
			<string>Release</string>
		</dict>
		<key>22D80DAB18C8F7D5003D84A4</key>
		<dict>
			<key>buildConfigurations</key>
			<array>
				<string>22D80DAC18C8F7D5003D84A4</string>
				<string>22D80DAD18C8F7D5003D84A4</string>
			</array>
			<key>defaultConfigurationIsVisible</key>
			<string>0</string>
			<key>defaultConfigurationName</key>
			<string>Release</string>
			<key>isa</key>
			<string>XCConfigurationList</string>
		</dict>
		<key>22D80DAC18C8F7D5003D84A4</key>
		<dict>
			<key>baseConfigurationReference</key>
			<string>6DEFFB0B5C1F4ED3B6B1AAC7</string>
			<key>buildSettings</key>
			<dict>
				<key>ASSETCATALOG_COMPILER_APPICON_NAME</key>
				<string>AppIcon</string>
				<key>GCC_PRECOMPILE_PREFIX_HEADER</key>
				<string>YES</string>
				<key>GCC_PREFIX_HEADER</key>
				<string>EpidemicControl/EpidemicControl-Prefix.pch</string>
				<key>INFOPLIST_FILE</key>
				<string>EpidemicControl/EpidemicControl-Info.plist</string>
				<key>PRODUCT_NAME</key>
				<string>$(TARGET_NAME)</string>
				<key>WRAPPER_EXTENSION</key>
				<string>app</string>
			</dict>
			<key>isa</key>
			<string>XCBuildConfiguration</string>
			<key>name</key>
			<string>Debug</string>
		</dict>
		<key>22D80DAD18C8F7D5003D84A4</key>
		<dict>
			<key>baseConfigurationReference</key>
			<string>6DEFFB0B5C1F4ED3B6B1AAC7</string>
			<key>buildSettings</key>
			<dict>
				<key>ASSETCATALOG_COMPILER_APPICON_NAME</key>
				<string>AppIcon</string>
				<key>GCC_PRECOMPILE_PREFIX_HEADER</key>
				<string>YES</string>
				<key>GCC_PREFIX_HEADER</key>
				<string>EpidemicControl/EpidemicControl-Prefix.pch</string>
				<key>INFOPLIST_FILE</key>
				<string>EpidemicControl/EpidemicControl-Info.plist</string>
				<key>PRODUCT_NAME</key>
				<string>$(TARGET_NAME)</string>
				<key>WRAPPER_EXTENSION</key>
				<string>app</string>
			</dict>
			<key>isa</key>
			<string>XCBuildConfiguration</string>
			<key>name</key>
			<string>Release</string>
		</dict>
		<key>22D80DAE18C8F7D5003D84A4</key>
		<dict>
			<key>buildConfigurations</key>
			<array>
				<string>22D80DAF18C8F7D5003D84A4</string>
				<string>22D80DB018C8F7D5003D84A4</string>
			</array>
			<key>defaultConfigurationIsVisible</key>
			<string>0</string>
			<key>defaultConfigurationName</key>
			<string>Release</string>
			<key>isa</key>
			<string>XCConfigurationList</string>
		</dict>
		<key>22D80DAF18C8F7D5003D84A4</key>
		<dict>
			<key>buildSettings</key>
			<dict>
				<key>ARCHS</key>
				<string>$(ARCHS_STANDARD_INCLUDING_64_BIT)</string>
				<key>BUNDLE_LOADER</key>
				<string>$(BUILT_PRODUCTS_DIR)/EpidemicControl.app/EpidemicControl</string>
				<key>FRAMEWORK_SEARCH_PATHS</key>
				<array>
					<string>$(SDKROOT)/Developer/Library/Frameworks</string>
					<string>$(inherited)</string>
					<string>$(DEVELOPER_FRAMEWORKS_DIR)</string>
				</array>
				<key>GCC_PRECOMPILE_PREFIX_HEADER</key>
				<string>YES</string>
				<key>GCC_PREFIX_HEADER</key>
				<string>EpidemicControl/EpidemicControl-Prefix.pch</string>
				<key>GCC_PREPROCESSOR_DEFINITIONS</key>
				<array>
					<string>DEBUG=1</string>
					<string>$(inherited)</string>
				</array>
				<key>INFOPLIST_FILE</key>
				<string>EpidemicControlTests/EpidemicControlTests-Info.plist</string>
				<key>PRODUCT_NAME</key>
				<string>$(TARGET_NAME)</string>
				<key>TEST_HOST</key>
				<string>$(BUNDLE_LOADER)</string>
				<key>WRAPPER_EXTENSION</key>
				<string>xctest</string>
			</dict>
			<key>isa</key>
			<string>XCBuildConfiguration</string>
			<key>name</key>
			<string>Debug</string>
		</dict>
		<key>22D80DB018C8F7D5003D84A4</key>
		<dict>
			<key>buildSettings</key>
			<dict>
				<key>ARCHS</key>
				<string>$(ARCHS_STANDARD_INCLUDING_64_BIT)</string>
				<key>BUNDLE_LOADER</key>
				<string>$(BUILT_PRODUCTS_DIR)/EpidemicControl.app/EpidemicControl</string>
				<key>FRAMEWORK_SEARCH_PATHS</key>
				<array>
					<string>$(SDKROOT)/Developer/Library/Frameworks</string>
					<string>$(inherited)</string>
					<string>$(DEVELOPER_FRAMEWORKS_DIR)</string>
				</array>
				<key>GCC_PRECOMPILE_PREFIX_HEADER</key>
				<string>YES</string>
				<key>GCC_PREFIX_HEADER</key>
				<string>EpidemicControl/EpidemicControl-Prefix.pch</string>
				<key>INFOPLIST_FILE</key>
				<string>EpidemicControlTests/EpidemicControlTests-Info.plist</string>
				<key>PRODUCT_NAME</key>
				<string>$(TARGET_NAME)</string>
				<key>TEST_HOST</key>
				<string>$(BUNDLE_LOADER)</string>
				<key>WRAPPER_EXTENSION</key>
				<string>xctest</string>
			</dict>
			<key>isa</key>
			<string>XCBuildConfiguration</string>
			<key>name</key>
			<string>Release</string>
		</dict>
		<key>5057C1033E504D7FAE56E976</key>
		<dict>
			<key>buildActionMask</key>
			<string>2147483647</string>
			<key>files</key>
			<array/>
			<key>inputPaths</key>
			<array/>
			<key>isa</key>
			<string>PBXShellScriptBuildPhase</string>
			<key>name</key>
			<string>Check Pods Manifest.lock</string>
			<key>outputPaths</key>
			<array/>
			<key>runOnlyForDeploymentPostprocessing</key>
			<string>0</string>
			<key>shellPath</key>
			<string>/bin/sh</string>
			<key>shellScript</key>
			<string>diff "${PODS_ROOT}/../Podfile.lock" "${PODS_ROOT}/Manifest.lock" &gt; /dev/null
if [[ $? != 0 ]] ; then
    cat &lt;&lt; EOM
error: The sandbox is not in sync with the Podfile.lock. Run 'pod install' or update your CocoaPods installation.
EOM
    exit 1
fi
</string>
			<key>showEnvVarsInLog</key>
			<string>0</string>
		</dict>
		<key>678B04442FB74581AAE2E43F</key>
		<dict>
			<key>explicitFileType</key>
			<string>archive.ar</string>
			<key>includeInIndex</key>
			<string>0</string>
			<key>isa</key>
			<string>PBXFileReference</string>
			<key>path</key>
			<string>libPods.a</string>
			<key>sourceTree</key>
			<string>BUILT_PRODUCTS_DIR</string>
		</dict>
		<key>6DEFFB0B5C1F4ED3B6B1AAC7</key>
		<dict>
			<key>includeInIndex</key>
			<string>1</string>
			<key>isa</key>
			<string>PBXFileReference</string>
			<key>lastKnownFileType</key>
			<string>text.xcconfig</string>
			<key>name</key>
			<string>Pods.xcconfig</string>
			<key>path</key>
			<string>Pods/Pods.xcconfig</string>
			<key>sourceTree</key>
			<string>&lt;group&gt;</string>
		</dict>
		<key>C153EF16F7F34BDA8A915356</key>
		<dict>
			<key>buildActionMask</key>
			<string>2147483647</string>
			<key>files</key>
			<array/>
			<key>inputPaths</key>
			<array/>
			<key>isa</key>
			<string>PBXShellScriptBuildPhase</string>
			<key>name</key>
			<string>Copy Pods Resources</string>
			<key>outputPaths</key>
			<array/>
			<key>runOnlyForDeploymentPostprocessing</key>
			<string>0</string>
			<key>shellPath</key>
			<string>/bin/sh</string>
			<key>shellScript</key>
			<string>"${SRCROOT}/Pods/Pods-resources.sh"
</string>
			<key>showEnvVarsInLog</key>
			<string>0</string>
		</dict>
	</dict>
	<key>rootObject</key>
	<string>22D80D7118C8F7D4003D84A4</string>
</dict>
</plist>
